// !$*UTF8*$!
{
	archiveVersion = 1;
	classes = {
	};
	objectVersion = 46;
	objects = {

/* Begin PBXBuildFile section */
		6EC5926A1E6440C40065370C /* AppDelegate.swift in Sources */ = {isa = PBXBuildFile; fileRef = 6EC592691E6440C40065370C /* AppDelegate.swift */; };
		6EC5926C1E6440C40065370C /* ViewController.swift in Sources */ = {isa = PBXBuildFile; fileRef = 6EC5926B1E6440C40065370C /* ViewController.swift */; };
		6EC5926F1E6440C40065370C /* Main.storyboard in Resources */ = {isa = PBXBuildFile; fileRef = 6EC5926D1E6440C40065370C /* Main.storyboard */; };
		6EC592711E6440C40065370C /* Assets.xcassets in Resources */ = {isa = PBXBuildFile; fileRef = 6EC592701E6440C40065370C /* Assets.xcassets */; };
		6EC592741E6440C40065370C /* LaunchScreen.storyboard in Resources */ = {isa = PBXBuildFile; fileRef = 6EC592721E6440C40065370C /* LaunchScreen.storyboard */; };
		6EC5927E1E64766D0065370C /* DIALOG_UTILS.swift in Sources */ = {isa = PBXBuildFile; fileRef = 6EC5927D1E64766D0065370C /* DIALOG_UTILS.swift */; };
/* End PBXBuildFile section */

/* Begin PBXFileReference section */
		6EC592661E6440C40065370C /* repo2test.app */ = {isa = PBXFileReference; explicitFileType = wrapper.application; includeInIndex = 0; path = repo2test.app; sourceTree = BUILT_PRODUCTS_DIR; };
		6EC592691E6440C40065370C /* AppDelegate.swift */ = {isa = PBXFileReference; lastKnownFileType = sourcecode.swift; path = AppDelegate.swift; sourceTree = "<group>"; };
		6EC5926B1E6440C40065370C /* ViewController.swift */ = {isa = PBXFileReference; lastKnownFileType = sourcecode.swift; path = ViewController.swift; sourceTree = "<group>"; };
		6EC5926E1E6440C40065370C /* Base */ = {isa = PBXFileReference; lastKnownFileType = file.storyboard; name = Base; path = Base.lproj/Main.storyboard; sourceTree = "<group>"; };
		6EC592701E6440C40065370C /* Assets.xcassets */ = {isa = PBXFileReference; lastKnownFileType = folder.assetcatalog; path = Assets.xcassets; sourceTree = "<group>"; };
		6EC592731E6440C40065370C /* Base */ = {isa = PBXFileReference; lastKnownFileType = file.storyboard; name = Base; path = Base.lproj/LaunchScreen.storyboard; sourceTree = "<group>"; };
		6EC592751E6440C40065370C /* Info.plist */ = {isa = PBXFileReference; lastKnownFileType = text.plist.xml; path = Info.plist; sourceTree = "<group>"; };
		6EC5927D1E64766D0065370C /* DIALOG_UTILS.swift */ = {isa = PBXFileReference; fileEncoding = 4; lastKnownFileType = sourcecode.swift; path = DIALOG_UTILS.swift; sourceTree = "<group>"; };
/* End PBXFileReference section */

/* Begin PBXFrameworksBuildPhase section */
		6EC592631E6440C40065370C /* Frameworks */ = {
			isa = PBXFrameworksBuildPhase;
			buildActionMask = 2147483647;
			files = (
			);
			runOnlyForDeploymentPostprocessing = 0;
		};
/* End PBXFrameworksBuildPhase section */

/* Begin PBXGroup section */
		6EC5925D1E6440C40065370C = {
			isa = PBXGroup;
			children = (
				6EC592681E6440C40065370C /* repo2test */,
				6EC592671E6440C40065370C /* Products */,
			);
			sourceTree = "<group>";
		};
		6EC592671E6440C40065370C /* Products */ = {
			isa = PBXGroup;
			children = (
				6EC592661E6440C40065370C /* repo2test.app */,
			);
			name = Products;
			sourceTree = "<group>";
		};
		6EC592681E6440C40065370C /* repo2test */ = {
			isa = PBXGroup;
			children = (
				6EC592691E6440C40065370C /* AppDelegate.swift */,
				6EC5926B1E6440C40065370C /* ViewController.swift */,
				6EC5926D1E6440C40065370C /* Main.storyboard */,
				6EC592701E6440C40065370C /* Assets.xcassets */,
				6EC592721E6440C40065370C /* LaunchScreen.storyboard */,
				6EC592751E6440C40065370C /* Info.plist */,
				6EC5927D1E64766D0065370C /* DIALOG_UTILS.swift */,
			);
			path = repo2test;
			sourceTree = "<group>";
		};
/* End PBXGroup section */

/* Begin PBXNativeTarget section */
		6EC592651E6440C40065370C /* repo2test */ = {
			isa = PBXNativeTarget;
			buildConfigurationList = 6EC592781E6440C40065370C /* Build configuration list for PBXNativeTarget "repo2test" */;
			buildPhases = (
				6EC592621E6440C40065370C /* Sources */,
				6EC592631E6440C40065370C /* Frameworks */,
				6EC592641E6440C40065370C /* Resources */,
			);
			buildRules = (
			);
			dependencies = (
			);
			name = repo2test;
			productName = repo2test;
			productReference = 6EC592661E6440C40065370C /* repo2test.app */;
			productType = "com.apple.product-type.application";
		};
/* End PBXNativeTarget section */

/* Begin PBXProject section */
		6EC5925E1E6440C40065370C /* Project object */ = {
			isa = PBXProject;
			attributes = {
				LastSwiftUpdateCheck = 0820;
				LastUpgradeCheck = 0820;
				ORGANIZATIONNAME = "Antonio Esposito";
				TargetAttributes = {
					6EC592651E6440C40065370C = {
						CreatedOnToolsVersion = 8.2.1;
						ProvisioningStyle = Automatic;
					};
				};
			};
			buildConfigurationList = 6EC592611E6440C40065370C /* Build configuration list for PBXProject "repo2test" */;
			compatibilityVersion = "Xcode 3.2";
			developmentRegion = English;
			hasScannedForEncodings = 0;
			knownRegions = (
				en,
				Base,
			);
			mainGroup = 6EC5925D1E6440C40065370C;
			productRefGroup = 6EC592671E6440C40065370C /* Products */;
			projectDirPath = "";
			projectRoot = "";
			targets = (
				6EC592651E6440C40065370C /* repo2test */,
			);
		};
/* End PBXProject section */

/* Begin PBXResourcesBuildPhase section */
		6EC592641E6440C40065370C /* Resources */ = {
			isa = PBXResourcesBuildPhase;
			buildActionMask = 2147483647;
			files = (
				6EC592741E6440C40065370C /* LaunchScreen.storyboard in Resources */,
				6EC592711E6440C40065370C /* Assets.xcassets in Resources */,
				6EC5926F1E6440C40065370C /* Main.storyboard in Resources */,
			);
			runOnlyForDeploymentPostprocessing = 0;
		};
/* End PBXResourcesBuildPhase section */

/* Begin PBXSourcesBuildPhase section */
		6EC592621E6440C40065370C /* Sources */ = {
			isa = PBXSourcesBuildPhase;
			buildActionMask = 2147483647;
			files = (
				6EC5927E1E64766D0065370C /* DIALOG_UTILS.swift in Sources */,
				6EC5926C1E6440C40065370C /* ViewController.swift in Sources */,
				6EC5926A1E6440C40065370C /* AppDelegate.swift in Sources */,
			);
			runOnlyForDeploymentPostprocessing = 0;
		};
/* End PBXSourcesBuildPhase section */

/* Begin PBXVariantGroup section */
		6EC5926D1E6440C40065370C /* Main.storyboard */ = {
			isa = PBXVariantGroup;
			children = (
				6EC5926E1E6440C40065370C /* Base */,
			);
			name = Main.storyboard;
			sourceTree = "<group>";
		};
		6EC592721E6440C40065370C /* LaunchScreen.storyboard */ = {
			isa = PBXVariantGroup;
			children = (
				6EC592731E6440C40065370C /* Base */,
			);
			name = LaunchScreen.storyboard;
			sourceTree = "<group>";
		};
/* End PBXVariantGroup section */

/* Begin XCBuildConfiguration section */
		6EC592761E6440C40065370C /* Debug */ = {
			isa = XCBuildConfiguration;
			buildSettings = {
				ALWAYS_SEARCH_USER_PATHS = NO;
				CLANG_ANALYZER_NONNULL = YES;
				CLANG_CXX_LANGUAGE_STANDARD = "gnu++0x";
				CLANG_CXX_LIBRARY = "libc++";
				CLANG_ENABLE_MODULES = YES;
				CLANG_ENABLE_OBJC_ARC = YES;
				CLANG_WARN_BOOL_CONVERSION = YES;
				CLANG_WARN_CONSTANT_CONVERSION = YES;
				CLANG_WARN_DIRECT_OBJC_ISA_USAGE = YES_ERROR;
				CLANG_WARN_DOCUMENTATION_COMMENTS = YES;
				CLANG_WARN_EMPTY_BODY = YES;
				CLANG_WARN_ENUM_CONVERSION = YES;
				CLANG_WARN_INFINITE_RECURSION = YES;
				CLANG_WARN_INT_CONVERSION = YES;
				CLANG_WARN_OBJC_ROOT_CLASS = YES_ERROR;
				CLANG_WARN_SUSPICIOUS_MOVE = YES;
				CLANG_WARN_UNREACHABLE_CODE = YES;
				CLANG_WARN__DUPLICATE_METHOD_MATCH = YES;
				"CODE_SIGN_IDENTITY[sdk=iphoneos*]" = "iPhone Developer";
				COPY_PHASE_STRIP = NO;
				DEBUG_INFORMATION_FORMAT = dwarf;
				ENABLE_STRICT_OBJC_MSGSEND = YES;
				ENABLE_TESTABILITY = YES;
				GCC_C_LANGUAGE_STANDARD = gnu99;
				GCC_DYNAMIC_NO_PIC = NO;
				GCC_NO_COMMON_BLOCKS = YES;
				GCC_OPTIMIZATION_LEVEL = 0;
				GCC_PREPROCESSOR_DEFINITIONS = (
					"DEBUG=1",
					"$(inherited)",
				);
				GCC_WARN_64_TO_32_BIT_CONVERSION = YES;
				GCC_WARN_ABOUT_RETURN_TYPE = YES_ERROR;
				GCC_WARN_UNDECLARED_SELECTOR = YES;
				GCC_WARN_UNINITIALIZED_AUTOS = YES_AGGRESSIVE;
				GCC_WARN_UNUSED_FUNCTION = YES;
				GCC_WARN_UNUSED_VARIABLE = YES;
				IPHONEOS_DEPLOYMENT_TARGET = 10.2;
				MTL_ENABLE_DEBUG_INFO = YES;
				ONLY_ACTIVE_ARCH = YES;
				SDKROOT = iphoneos;
				SWIFT_ACTIVE_COMPILATION_CONDITIONS = DEBUG;
				SWIFT_OPTIMIZATION_LEVEL = "-Onone";
				TARGETED_DEVICE_FAMILY = "1,2";
			};
			name = Debug;
		};
		6EC592771E6440C40065370C /* Release */ = {
			isa = XCBuildConfiguration;
			buildSettings = {
				ALWAYS_SEARCH_USER_PATHS = NO;
				CLANG_ANALYZER_NONNULL = YES;
				CLANG_CXX_LANGUAGE_STANDARD = "gnu++0x";
				CLANG_CXX_LIBRARY = "libc++";
				CLANG_ENABLE_MODULES = YES;
				CLANG_ENABLE_OBJC_ARC = YES;
				CLANG_WARN_BOOL_CONVERSION = YES;
				CLANG_WARN_CONSTANT_CONVERSION = YES;
				CLANG_WARN_DIRECT_OBJC_ISA_USAGE = YES_ERROR;
				CLANG_WARN_DOCUMENTATION_COMMENTS = YES;
				CLANG_WARN_EMPTY_BODY = YES;
				CLANG_WARN_ENUM_CONVERSION = YES;
				CLANG_WARN_INFINITE_RECURSION = YES;
				CLANG_WARN_INT_CONVERSION = YES;
				CLANG_WARN_OBJC_ROOT_CLASS = YES_ERROR;
				CLANG_WARN_SUSPICIOUS_MOVE = YES;
				CLANG_WARN_UNREACHABLE_CODE = YES;
				CLANG_WARN__DUPLICATE_METHOD_MATCH = YES;
				"CODE_SIGN_IDENTITY[sdk=iphoneos*]" = "iPhone Developer";
				COPY_PHASE_STRIP = NO;
				DEBUG_INFORMATION_FORMAT = "dwarf-with-dsym";
				ENABLE_NS_ASSERTIONS = NO;
				ENABLE_STRICT_OBJC_MSGSEND = YES;
				GCC_C_LANGUAGE_STANDARD = gnu99;
				GCC_NO_COMMON_BLOCKS = YES;
				GCC_WARN_64_TO_32_BIT_CONVERSION = YES;
				GCC_WARN_ABOUT_RETURN_TYPE = YES_ERROR;
				GCC_WARN_UNDECLARED_SELECTOR = YES;
				GCC_WARN_UNINITIALIZED_AUTOS = YES_AGGRESSIVE;
				GCC_WARN_UNUSED_FUNCTION = YES;
				GCC_WARN_UNUSED_VARIABLE = YES;
				IPHONEOS_DEPLOYMENT_TARGET = 10.2;
				MTL_ENABLE_DEBUG_INFO = NO;
				SDKROOT = iphoneos;
				SWIFT_OPTIMIZATION_LEVEL = "-Owholemodule";
				TARGETED_DEVICE_FAMILY = "1,2";
				VALIDATE_PRODUCT = YES;
			};
			name = Release;
		};
		6EC592791E6440C40065370C /* Debug */ = {
			isa = XCBuildConfiguration;
			buildSettings = {
				ASSETCATALOG_COMPILER_APPICON_NAME = AppIcon;
				INFOPLIST_FILE = repo2test/Info.plist;
				LD_RUNPATH_SEARCH_PATHS = "$(inherited) @executable_path/Frameworks";
				PRODUCT_BUNDLE_IDENTIFIER = it.TWT..repo2test;
				PRODUCT_NAME = "$(TARGET_NAME)";
				SWIFT_VERSION = 3.0;
			};
			name = Debug;
		};
		6EC5927A1E6440C40065370C /* Release */ = {
			isa = XCBuildConfiguration;
			buildSettings = {
				ASSETCATALOG_COMPILER_APPICON_NAME = AppIcon;
				INFOPLIST_FILE = repo2test/Info.plist;
				LD_RUNPATH_SEARCH_PATHS = "$(inherited) @executable_path/Frameworks";
				PRODUCT_BUNDLE_IDENTIFIER = it.TWT..repo2test;
				PRODUCT_NAME = "$(TARGET_NAME)";
				SWIFT_VERSION = 3.0;
			};
			name = Release;
		};
/* End XCBuildConfiguration section */

/* Begin XCConfigurationList section */
		6EC592611E6440C40065370C /* Build configuration list for PBXProject "repo2test" */ = {
			isa = XCConfigurationList;
			buildConfigurations = (
				6EC592761E6440C40065370C /* Debug */,
				6EC592771E6440C40065370C /* Release */,
			);
			defaultConfigurationIsVisible = 0;
			defaultConfigurationName = Release;
		};
		6EC592781E6440C40065370C /* Build configuration list for PBXNativeTarget "repo2test" */ = {
			isa = XCConfigurationList;
			buildConfigurations = (
				6EC592791E6440C40065370C /* Debug */,
				6EC5927A1E6440C40065370C /* Release */,
			);
			defaultConfigurationIsVisible = 0;
			defaultConfigurationName = Release;
		};
/* End XCConfigurationList section */
	};
	rootObject = 6EC5925E1E6440C40065370C /* Project object */;
}
